[[package]]
category = "main"
description = "Python interface to Graphviz"
name = "pygraphviz"
optional = false
python-versions = ">=3.7"
version = "1.7"

[[package]]
category = "main"
description = "Fast, Extensible Progress Meter"
name = "tqdm"
optional = false
python-versions = "!=3.0.*,!=3.1.*,!=3.2.*,!=3.3.*,>=2.7"
version = "4.60.0"

[package.extras]
dev = ["py-make (>=0.1.0)", "twine", "wheel"]
notebook = ["ipywidgets (>=6)"]
telegram = ["requests"]

[metadata]
content-hash = "a9484f9f80c230189473f9c8bb430033501ebe8a45dd592a808d48e841f788fb"
python-versions = "^3.7"

[metadata.files]
pygraphviz = [
    {file = "pygraphviz-1.7.zip", hash = "sha256:a7bec6609f37cf1e64898c59f075afd659106cf9356c5f387cecaa2e0cdb2304"},
]
tqdm = [
    {file = "tqdm-4.60.0-py2.py3-none-any.whl", hash = "sha256:daec693491c52e9498632dfbe9ccfc4882a557f5fa08982db1b4d3adbe0887c3"},
    {file = "tqdm-4.60.0.tar.gz", hash = "sha256:ebdebdb95e3477ceea267decfc0784859aa3df3e27e22d23b83e9b272bf157ae"},
]
